
Microsoft Visual Studio Solution File, Format Version 12.00
# Visual Studio Version 16
VisualStudioVersion = 16.0.28315.86
MinimumVisualStudioVersion = 10.0.40219.1
Project("{2150E333-8FDC-42A3-9474-1A3956D46DE8}") = "Engine", "Engine", "{94A6C6F3-99B3-346E-9557-ABF9D4064DBD}"
EndProject
Project("{2150E333-8FDC-42A3-9474-1A3956D46DE8}") = "Games", "Games", "{8E2F6A87-1826-34F4-940C-CC23A48F9FE4}"
EndProject
Project("{8BC9CEB8-8B4A-11D0-8D11-00A0C91BC942}") = "UE4", "Intermediate\ProjectFiles\UE4.vcxproj", "{CAFFAA9B-840F-4BE8-8034-37CBAEC853FE}"
EndProject
Project("{8BC9CEB8-8B4A-11D0-8D11-00A0C91BC942}") = "MovingTurtles", "Intermediate\ProjectFiles\MovingTurtles.vcxproj", "{359FC776-397F-431E-83DA-E956FE9ECFDF}"
EndProject
Project("{2150E333-8FDC-42A3-9474-1A3956D46DE8}") = "Visualizers", "Visualizers", "{1CCEC849-CC72-4C59-8C36-2F7C38706D4C}"
	ProjectSection(SolutionItems) = preProject
		..\..\..\UnrealEngine\UE_4.26\Engine\Extras\VisualStudioDebugging\UE4.natvis = ..\..\..\UnrealEngine\UE_4.26\Engine\Extras\VisualStudioDebugging\UE4.natvis
	EndProjectSection
EndProject
Global
	GlobalSection(SolutionConfigurationPlatforms) = preSolution
		DebugGame Editor|HoloLens = DebugGame Editor|HoloLens
		DebugGame Editor|Win32 = DebugGame Editor|Win32
		DebugGame Editor|Win64 = DebugGame Editor|Win64
		DebugGame|HoloLens = DebugGame|HoloLens
		DebugGame|Win32 = DebugGame|Win32
		DebugGame|Win64 = DebugGame|Win64
		Development Editor|HoloLens = Development Editor|HoloLens
		Development Editor|Win32 = Development Editor|Win32
		Development Editor|Win64 = Development Editor|Win64
		Development|HoloLens = Development|HoloLens
		Development|Win32 = Development|Win32
		Development|Win64 = Development|Win64
		Shipping|HoloLens = Shipping|HoloLens
		Shipping|Win32 = Shipping|Win32
		Shipping|Win64 = Shipping|Win64
	EndGlobalSection
	GlobalSection(ProjectConfigurationPlatforms) = postSolution
		{CAFFAA9B-840F-4BE8-8034-37CBAEC853FE}.DebugGame Editor|HoloLens.ActiveCfg = BuiltWithUnrealBuildTool|Win32
		{CAFFAA9B-840F-4BE8-8034-37CBAEC853FE}.DebugGame Editor|Win32.ActiveCfg = BuiltWithUnrealBuildTool|Win32
		{CAFFAA9B-840F-4BE8-8034-37CBAEC853FE}.DebugGame Editor|Win64.ActiveCfg = BuiltWithUnrealBuildTool|Win32
		{CAFFAA9B-840F-4BE8-8034-37CBAEC853FE}.DebugGame|HoloLens.ActiveCfg = BuiltWithUnrealBuildTool|Win32
		{CAFFAA9B-840F-4BE8-8034-37CBAEC853FE}.DebugGame|Win32.ActiveCfg = BuiltWithUnrealBuildTool|Win32
		{CAFFAA9B-840F-4BE8-8034-37CBAEC853FE}.DebugGame|Win64.ActiveCfg = BuiltWithUnrealBuildTool|Win32
		{CAFFAA9B-840F-4BE8-8034-37CBAEC853FE}.Development Editor|HoloLens.ActiveCfg = BuiltWithUnrealBuildTool|Win32
		{CAFFAA9B-840F-4BE8-8034-37CBAEC853FE}.Development Editor|Win32.ActiveCfg = BuiltWithUnrealBuildTool|Win32
		{CAFFAA9B-840F-4BE8-8034-37CBAEC853FE}.Development Editor|Win64.ActiveCfg = BuiltWithUnrealBuildTool|Win32
		{CAFFAA9B-840F-4BE8-8034-37CBAEC853FE}.Development|HoloLens.ActiveCfg = BuiltWithUnrealBuildTool|Win32
		{CAFFAA9B-840F-4BE8-8034-37CBAEC853FE}.Development|Win32.ActiveCfg = BuiltWithUnrealBuildTool|Win32
		{CAFFAA9B-840F-4BE8-8034-37CBAEC853FE}.Development|Win64.ActiveCfg = BuiltWithUnrealBuildTool|Win32
		{CAFFAA9B-840F-4BE8-8034-37CBAEC853FE}.Shipping|HoloLens.ActiveCfg = BuiltWithUnrealBuildTool|Win32
		{CAFFAA9B-840F-4BE8-8034-37CBAEC853FE}.Shipping|Win32.ActiveCfg = BuiltWithUnrealBuildTool|Win32
		{CAFFAA9B-840F-4BE8-8034-37CBAEC853FE}.Shipping|Win64.ActiveCfg = BuiltWithUnrealBuildTool|Win32
		{359FC776-397F-431E-83DA-E956FE9ECFDF}.DebugGame Editor|HoloLens.ActiveCfg = Invalid|Win32
		{359FC776-397F-431E-83DA-E956FE9ECFDF}.DebugGame Editor|Win32.ActiveCfg = Invalid|Win32
		{359FC776-397F-431E-83DA-E956FE9ECFDF}.DebugGame Editor|Win64.ActiveCfg = DebugGame_Editor|x64
		{359FC776-397F-431E-83DA-E956FE9ECFDF}.DebugGame Editor|Win64.Build.0 = DebugGame_Editor|x64
		{359FC776-397F-431E-83DA-E956FE9ECFDF}.DebugGame|HoloLens.ActiveCfg = DebugGame|arm64
		{359FC776-397F-431E-83DA-E956FE9ECFDF}.DebugGame|HoloLens.Build.0 = DebugGame|arm64
		{359FC776-397F-431E-83DA-E956FE9ECFDF}.DebugGame|HoloLens.Deploy.0 = DebugGame|arm64
		{359FC776-397F-431E-83DA-E956FE9ECFDF}.DebugGame|Win32.ActiveCfg = DebugGame|Win32
		{359FC776-397F-431E-83DA-E956FE9ECFDF}.DebugGame|Win32.Build.0 = DebugGame|Win32
		{359FC776-397F-431E-83DA-E956FE9ECFDF}.DebugGame|Win64.ActiveCfg = DebugGame|x64
		{359FC776-397F-431E-83DA-E956FE9ECFDF}.DebugGame|Win64.Build.0 = DebugGame|x64
		{359FC776-397F-431E-83DA-E956FE9ECFDF}.Development Editor|HoloLens.ActiveCfg = Invalid|Win32
		{359FC776-397F-431E-83DA-E956FE9ECFDF}.Development Editor|Win32.ActiveCfg = Invalid|Win32
		{359FC776-397F-431E-83DA-E956FE9ECFDF}.Development Editor|Win64.ActiveCfg = Development_Editor|x64
		{359FC776-397F-431E-83DA-E956FE9ECFDF}.Development Editor|Win64.Build.0 = Development_Editor|x64
		{359FC776-397F-431E-83DA-E956FE9ECFDF}.Development|HoloLens.ActiveCfg = Development|arm64
		{359FC776-397F-431E-83DA-E956FE9ECFDF}.Development|HoloLens.Build.0 = Development|arm64
		{359FC776-397F-431E-83DA-E956FE9ECFDF}.Development|HoloLens.Deploy.0 = Development|arm64
		{359FC776-397F-431E-83DA-E956FE9ECFDF}.Development|Win32.ActiveCfg = Development|Win32
		{359FC776-397F-431E-83DA-E956FE9ECFDF}.Development|Win32.Build.0 = Development|Win32
		{359FC776-397F-431E-83DA-E956FE9ECFDF}.Development|Win64.ActiveCfg = Development|x64
		{359FC776-397F-431E-83DA-E956FE9ECFDF}.Development|Win64.Build.0 = Development|x64
		{359FC776-397F-431E-83DA-E956FE9ECFDF}.Shipping|HoloLens.ActiveCfg = Shipping|arm64
		{359FC776-397F-431E-83DA-E956FE9ECFDF}.Shipping|HoloLens.Build.0 = Shipping|arm64
		{359FC776-397F-431E-83DA-E956FE9ECFDF}.Shipping|HoloLens.Deploy.0 = Shipping|arm64
		{359FC776-397F-431E-83DA-E956FE9ECFDF}.Shipping|Win32.ActiveCfg = Shipping|Win32
		{359FC776-397F-431E-83DA-E956FE9ECFDF}.Shipping|Win32.Build.0 = Shipping|Win32
		{359FC776-397F-431E-83DA-E956FE9ECFDF}.Shipping|Win64.ActiveCfg = Shipping|x64
		{359FC776-397F-431E-83DA-E956FE9ECFDF}.Shipping|Win64.Build.0 = Shipping|x64
	EndGlobalSection
	GlobalSection(SolutionProperties) = preSolution
		HideSolutionNode = FALSE
	EndGlobalSection
	GlobalSection(NestedProjects) = preSolution
		{CAFFAA9B-840F-4BE8-8034-37CBAEC853FE} = {94A6C6F3-99B3-346E-9557-ABF9D4064DBD}
		{359FC776-397F-431E-83DA-E956FE9ECFDF} = {8E2F6A87-1826-34F4-940C-CC23A48F9FE4}
	EndGlobalSection
EndGlobal
